
Microsoft Visual Studio Solution File, Format Version 12.00
# Visual Studio 15
VisualStudioVersion = 15.0.27130.2026
MinimumVisualStudioVersion = 10.0.40219.1
Project("{FAE04EC0-301F-11D3-BF4B-00C04F79EFBC}") = "XCheckBox.Android", "XCheckBox\XCheckBox.Android\XCheckBox.Android.csproj", "{1289A9C0-FB63-4EF1-BAF6-E95E014BE01B}"
EndProject
Project("{FAE04EC0-301F-11D3-BF4B-00C04F79EFBC}") = "XCheckBox.iOS", "XCheckBox\XCheckBox.iOS\XCheckBox.iOS.csproj", "{A31178B2-414D-45B0-938D-45AAFED6DEA8}"
EndProject
Project("{9A19103F-16F7-4668-BE54-9A1E7A4F7556}") = "XCheckBox", "XCheckBox\XCheckBox\XCheckBox.csproj", "{38AF8CE8-E965-46F3-84FA-FE311A69F6AE}"
EndProject
Project("{2150E333-8FDC-42A3-9474-1A3956D46DE8}") = "Sample", "Sample", "{FEC283C7-13D0-4A58-A057-7143C6F191F2}"
EndProject
Project("{2150E333-8FDC-42A3-9474-1A3956D46DE8}") = "Source", "Source", "{0C677386-9E8C-48DC-A524-FA32F581079D}"
EndProject
Project("{FAE04EC0-301F-11D3-BF4B-00C04F79EFBC}") = "XCheckBox.Sample.Android", "XCheckBox.Sample\XCheckBox.Sample.Android\XCheckBox.Sample.Android.csproj", "{3E0DD96A-523F-4C6E-B0C9-60C38D340C08}"
EndProject
Project("{FAE04EC0-301F-11D3-BF4B-00C04F79EFBC}") = "XCheckBox.Sample.iOS", "XCheckBox.Sample\XCheckBox.Sample.iOS\XCheckBox.Sample.iOS.csproj", "{FA1B9148-A980-4409-BD1B-66C5254990AB}"
EndProject
Project("{FAE04EC0-301F-11D3-BF4B-00C04F79EFBC}") = "XCheckBox.Sample", "XCheckBox.Sample\XCheckBox.Sample\XCheckBox.Sample.csproj", "{B97B2D24-3EA2-4413-AC46-3DBABF43FEA5}"
EndProject
Global
	GlobalSection(SolutionConfigurationPlatforms) = preSolution
		Ad-Hoc|Any CPU = Ad-Hoc|Any CPU
		Ad-Hoc|iPhone = Ad-Hoc|iPhone
		Ad-Hoc|iPhoneSimulator = Ad-Hoc|iPhoneSimulator
		AppStore|Any CPU = AppStore|Any CPU
		AppStore|iPhone = AppStore|iPhone
		AppStore|iPhoneSimulator = AppStore|iPhoneSimulator
		Debug|Any CPU = Debug|Any CPU
		Debug|iPhone = Debug|iPhone
		Debug|iPhoneSimulator = Debug|iPhoneSimulator
		Release|Any CPU = Release|Any CPU
		Release|iPhone = Release|iPhone
		Release|iPhoneSimulator = Release|iPhoneSimulator
	EndGlobalSection
	GlobalSection(ProjectConfigurationPlatforms) = postSolution
		{1289A9C0-FB63-4EF1-BAF6-E95E014BE01B}.Ad-Hoc|Any CPU.ActiveCfg = Release|Any CPU
		{1289A9C0-FB63-4EF1-BAF6-E95E014BE01B}.Ad-Hoc|Any CPU.Build.0 = Release|Any CPU
		{1289A9C0-FB63-4EF1-BAF6-E95E014BE01B}.Ad-Hoc|Any CPU.Deploy.0 = Release|Any CPU
		{1289A9C0-FB63-4EF1-BAF6-E95E014BE01B}.Ad-Hoc|iPhone.ActiveCfg = Release|Any CPU
		{1289A9C0-FB63-4EF1-BAF6-E95E014BE01B}.Ad-Hoc|iPhone.Build.0 = Release|Any CPU
		{1289A9C0-FB63-4EF1-BAF6-E95E014BE01B}.Ad-Hoc|iPhone.Deploy.0 = Release|Any CPU
		{1289A9C0-FB63-4EF1-BAF6-E95E014BE01B}.Ad-Hoc|iPhoneSimulator.ActiveCfg = Release|Any CPU
		{1289A9C0-FB63-4EF1-BAF6-E95E014BE01B}.Ad-Hoc|iPhoneSimulator.Build.0 = Release|Any CPU
		{1289A9C0-FB63-4EF1-BAF6-E95E014BE01B}.Ad-Hoc|iPhoneSimulator.Deploy.0 = Release|Any CPU
		{1289A9C0-FB63-4EF1-BAF6-E95E014BE01B}.AppStore|Any CPU.ActiveCfg = Release|Any CPU
		{1289A9C0-FB63-4EF1-BAF6-E95E014BE01B}.AppStore|Any CPU.Build.0 = Release|Any CPU
		{1289A9C0-FB63-4EF1-BAF6-E95E014BE01B}.AppStore|Any CPU.Deploy.0 = Release|Any CPU
		{1289A9C0-FB63-4EF1-BAF6-E95E014BE01B}.AppStore|iPhone.ActiveCfg = Release|Any CPU
		{1289A9C0-FB63-4EF1-BAF6-E95E014BE01B}.AppStore|iPhone.Build.0 = Release|Any CPU
		{1289A9C0-FB63-4EF1-BAF6-E95E014BE01B}.AppStore|iPhone.Deploy.0 = Release|Any CPU
		{1289A9C0-FB63-4EF1-BAF6-E95E014BE01B}.AppStore|iPhoneSimulator.ActiveCfg = Release|Any CPU
		{1289A9C0-FB63-4EF1-BAF6-E95E014BE01B}.AppStore|iPhoneSimulator.Build.0 = Release|Any CPU
		{1289A9C0-FB63-4EF1-BAF6-E95E014BE01B}.AppStore|iPhoneSimulator.Deploy.0 = Release|Any CPU
		{1289A9C0-FB63-4EF1-BAF6-E95E014BE01B}.Debug|Any CPU.ActiveCfg = Debug|Any CPU
		{1289A9C0-FB63-4EF1-BAF6-E95E014BE01B}.Debug|Any CPU.Build.0 = Debug|Any CPU
		{1289A9C0-FB63-4EF1-BAF6-E95E014BE01B}.Debug|Any CPU.Deploy.0 = Debug|Any CPU
		{1289A9C0-FB63-4EF1-BAF6-E95E014BE01B}.Debug|iPhone.ActiveCfg = Debug|Any CPU
		{1289A9C0-FB63-4EF1-BAF6-E95E014BE01B}.Debug|iPhone.Build.0 = Debug|Any CPU
		{1289A9C0-FB63-4EF1-BAF6-E95E014BE01B}.Debug|iPhone.Deploy.0 = Debug|Any CPU
		{1289A9C0-FB63-4EF1-BAF6-E95E014BE01B}.Debug|iPhoneSimulator.ActiveCfg = Debug|Any CPU
		{1289A9C0-FB63-4EF1-BAF6-E95E014BE01B}.Debug|iPhoneSimulator.Build.0 = Debug|Any CPU
		{1289A9C0-FB63-4EF1-BAF6-E95E014BE01B}.Debug|iPhoneSimulator.Deploy.0 = Debug|Any CPU
		{1289A9C0-FB63-4EF1-BAF6-E95E014BE01B}.Release|Any CPU.ActiveCfg = Release|Any CPU
		{1289A9C0-FB63-4EF1-BAF6-E95E014BE01B}.Release|Any CPU.Build.0 = Release|Any CPU
		{1289A9C0-FB63-4EF1-BAF6-E95E014BE01B}.Release|Any CPU.Deploy.0 = Release|Any CPU
		{1289A9C0-FB63-4EF1-BAF6-E95E014BE01B}.Release|iPhone.ActiveCfg = Release|Any CPU
		{1289A9C0-FB63-4EF1-BAF6-E95E014BE01B}.Release|iPhone.Build.0 = Release|Any CPU
		{1289A9C0-FB63-4EF1-BAF6-E95E014BE01B}.Release|iPhone.Deploy.0 = Release|Any CPU
		{1289A9C0-FB63-4EF1-BAF6-E95E014BE01B}.Release|iPhoneSimulator.ActiveCfg = Release|Any CPU
		{1289A9C0-FB63-4EF1-BAF6-E95E014BE01B}.Release|iPhoneSimulator.Build.0 = Release|Any CPU
		{1289A9C0-FB63-4EF1-BAF6-E95E014BE01B}.Release|iPhoneSimulator.Deploy.0 = Release|Any CPU
		{A31178B2-414D-45B0-938D-45AAFED6DEA8}.Ad-Hoc|Any CPU.ActiveCfg = Ad-Hoc|iPhone
		{A31178B2-414D-45B0-938D-45AAFED6DEA8}.Ad-Hoc|iPhone.ActiveCfg = Ad-Hoc|iPhone
		{A31178B2-414D-45B0-938D-45AAFED6DEA8}.Ad-Hoc|iPhone.Build.0 = Ad-Hoc|iPhone
		{A31178B2-414D-45B0-938D-45AAFED6DEA8}.Ad-Hoc|iPhoneSimulator.ActiveCfg = Ad-Hoc|iPhoneSimulator
		{A31178B2-414D-45B0-938D-45AAFED6DEA8}.Ad-Hoc|iPhoneSimulator.Build.0 = Ad-Hoc|iPhoneSimulator
		{A31178B2-414D-45B0-938D-45AAFED6DEA8}.AppStore|Any CPU.ActiveCfg = AppStore|iPhone
		{A31178B2-414D-45B0-938D-45AAFED6DEA8}.AppStore|iPhone.ActiveCfg = AppStore|iPhone
		{A31178B2-414D-45B0-938D-45AAFED6DEA8}.AppStore|iPhone.Build.0 = AppStore|iPhone
		{A31178B2-414D-45B0-938D-45AAFED6DEA8}.AppStore|iPhoneSimulator.ActiveCfg = AppStore|iPhoneSimulator
		{A31178B2-414D-45B0-938D-45AAFED6DEA8}.AppStore|iPhoneSimulator.Build.0 = AppStore|iPhoneSimulator
		{A31178B2-414D-45B0-938D-45AAFED6DEA8}.Debug|Any CPU.ActiveCfg = Debug|iPhone
		{A31178B2-414D-45B0-938D-45AAFED6DEA8}.Debug|iPhone.ActiveCfg = Debug|iPhone
		{A31178B2-414D-45B0-938D-45AAFED6DEA8}.Debug|iPhone.Build.0 = Debug|iPhone
		{A31178B2-414D-45B0-938D-45AAFED6DEA8}.Debug|iPhoneSimulator.ActiveCfg = Debug|iPhoneSimulator
		{A31178B2-414D-45B0-938D-45AAFED6DEA8}.Debug|iPhoneSimulator.Build.0 = Debug|iPhoneSimulator
		{A31178B2-414D-45B0-938D-45AAFED6DEA8}.Release|Any CPU.ActiveCfg = Release|iPhone
		{A31178B2-414D-45B0-938D-45AAFED6DEA8}.Release|iPhone.ActiveCfg = Release|iPhone
		{A31178B2-414D-45B0-938D-45AAFED6DEA8}.Release|iPhone.Build.0 = Release|iPhone
		{A31178B2-414D-45B0-938D-45AAFED6DEA8}.Release|iPhoneSimulator.ActiveCfg = Release|iPhoneSimulator
		{A31178B2-414D-45B0-938D-45AAFED6DEA8}.Release|iPhoneSimulator.Build.0 = Release|iPhoneSimulator
		{38AF8CE8-E965-46F3-84FA-FE311A69F6AE}.Ad-Hoc|Any CPU.ActiveCfg = Debug|Any CPU
		{38AF8CE8-E965-46F3-84FA-FE311A69F6AE}.Ad-Hoc|Any CPU.Build.0 = Debug|Any CPU
		{38AF8CE8-E965-46F3-84FA-FE311A69F6AE}.Ad-Hoc|iPhone.ActiveCfg = Debug|Any CPU
		{38AF8CE8-E965-46F3-84FA-FE311A69F6AE}.Ad-Hoc|iPhone.Build.0 = Debug|Any CPU
		{38AF8CE8-E965-46F3-84FA-FE311A69F6AE}.Ad-Hoc|iPhoneSimulator.ActiveCfg = Debug|Any CPU
		{38AF8CE8-E965-46F3-84FA-FE311A69F6AE}.Ad-Hoc|iPhoneSimulator.Build.0 = Debug|Any CPU
		{38AF8CE8-E965-46F3-84FA-FE311A69F6AE}.AppStore|Any CPU.ActiveCfg = Debug|Any CPU
		{38AF8CE8-E965-46F3-84FA-FE311A69F6AE}.AppStore|Any CPU.Build.0 = Debug|Any CPU
		{38AF8CE8-E965-46F3-84FA-FE311A69F6AE}.AppStore|iPhone.ActiveCfg = Debug|Any CPU
		{38AF8CE8-E965-46F3-84FA-FE311A69F6AE}.AppStore|iPhone.Build.0 = Debug|Any CPU
		{38AF8CE8-E965-46F3-84FA-FE311A69F6AE}.AppStore|iPhoneSimulator.ActiveCfg = Debug|Any CPU
		{38AF8CE8-E965-46F3-84FA-FE311A69F6AE}.AppStore|iPhoneSimulator.Build.0 = Debug|Any CPU
		{38AF8CE8-E965-46F3-84FA-FE311A69F6AE}.Debug|Any CPU.ActiveCfg = Debug|Any CPU
		{38AF8CE8-E965-46F3-84FA-FE311A69F6AE}.Debug|Any CPU.Build.0 = Debug|Any CPU
		{38AF8CE8-E965-46F3-84FA-FE311A69F6AE}.Debug|iPhone.ActiveCfg = Debug|Any CPU
		{38AF8CE8-E965-46F3-84FA-FE311A69F6AE}.Debug|iPhone.Build.0 = Debug|Any CPU
		{38AF8CE8-E965-46F3-84FA-FE311A69F6AE}.Debug|iPhoneSimulator.ActiveCfg = Debug|Any CPU
		{38AF8CE8-E965-46F3-84FA-FE311A69F6AE}.Debug|iPhoneSimulator.Build.0 = Debug|Any CPU
		{38AF8CE8-E965-46F3-84FA-FE311A69F6AE}.Release|Any CPU.ActiveCfg = Release|Any CPU
		{38AF8CE8-E965-46F3-84FA-FE311A69F6AE}.Release|Any CPU.Build.0 = Release|Any CPU
		{38AF8CE8-E965-46F3-84FA-FE311A69F6AE}.Release|iPhone.ActiveCfg = Release|Any CPU
		{38AF8CE8-E965-46F3-84FA-FE311A69F6AE}.Release|iPhone.Build.0 = Release|Any CPU
		{38AF8CE8-E965-46F3-84FA-FE311A69F6AE}.Release|iPhoneSimulator.ActiveCfg = Release|Any CPU
		{38AF8CE8-E965-46F3-84FA-FE311A69F6AE}.Release|iPhoneSimulator.Build.0 = Release|Any CPU
		{3E0DD96A-523F-4C6E-B0C9-60C38D340C08}.Ad-Hoc|Any CPU.ActiveCfg = Release|Any CPU
		{3E0DD96A-523F-4C6E-B0C9-60C38D340C08}.Ad-Hoc|Any CPU.Build.0 = Release|Any CPU
		{3E0DD96A-523F-4C6E-B0C9-60C38D340C08}.Ad-Hoc|Any CPU.Deploy.0 = Release|Any CPU
		{3E0DD96A-523F-4C6E-B0C9-60C38D340C08}.Ad-Hoc|iPhone.ActiveCfg = Release|Any CPU
		{3E0DD96A-523F-4C6E-B0C9-60C38D340C08}.Ad-Hoc|iPhone.Build.0 = Release|Any CPU
		{3E0DD96A-523F-4C6E-B0C9-60C38D340C08}.Ad-Hoc|iPhone.Deploy.0 = Release|Any CPU
		{3E0DD96A-523F-4C6E-B0C9-60C38D340C08}.Ad-Hoc|iPhoneSimulator.ActiveCfg = Release|Any CPU
		{3E0DD96A-523F-4C6E-B0C9-60C38D340C08}.Ad-Hoc|iPhoneSimulator.Build.0 = Release|Any CPU
		{3E0DD96A-523F-4C6E-B0C9-60C38D340C08}.Ad-Hoc|iPhoneSimulator.Deploy.0 = Release|Any CPU
		{3E0DD96A-523F-4C6E-B0C9-60C38D340C08}.AppStore|Any CPU.ActiveCfg = Release|Any CPU
		{3E0DD96A-523F-4C6E-B0C9-60C38D340C08}.AppStore|Any CPU.Build.0 = Release|Any CPU
		{3E0DD96A-523F-4C6E-B0C9-60C38D340C08}.AppStore|Any CPU.Deploy.0 = Release|Any CPU
		{3E0DD96A-523F-4C6E-B0C9-60C38D340C08}.AppStore|iPhone.ActiveCfg = Release|Any CPU
		{3E0DD96A-523F-4C6E-B0C9-60C38D340C08}.AppStore|iPhone.Build.0 = Release|Any CPU
		{3E0DD96A-523F-4C6E-B0C9-60C38D340C08}.AppStore|iPhone.Deploy.0 = Release|Any CPU
		{3E0DD96A-523F-4C6E-B0C9-60C38D340C08}.AppStore|iPhoneSimulator.ActiveCfg = Release|Any CPU
		{3E0DD96A-523F-4C6E-B0C9-60C38D340C08}.AppStore|iPhoneSimulator.Build.0 = Release|Any CPU
		{3E0DD96A-523F-4C6E-B0C9-60C38D340C08}.AppStore|iPhoneSimulator.Deploy.0 = Release|Any CPU
		{3E0DD96A-523F-4C6E-B0C9-60C38D340C08}.Debug|Any CPU.ActiveCfg = Debug|Any CPU
		{3E0DD96A-523F-4C6E-B0C9-60C38D340C08}.Debug|Any CPU.Build.0 = Debug|Any CPU
		{3E0DD96A-523F-4C6E-B0C9-60C38D340C08}.Debug|Any CPU.Deploy.0 = Debug|Any CPU
		{3E0DD96A-523F-4C6E-B0C9-60C38D340C08}.Debug|iPhone.ActiveCfg = Debug|Any CPU
		{3E0DD96A-523F-4C6E-B0C9-60C38D340C08}.Debug|iPhone.Build.0 = Debug|Any CPU
		{3E0DD96A-523F-4C6E-B0C9-60C38D340C08}.Debug|iPhone.Deploy.0 = Debug|Any CPU
		{3E0DD96A-523F-4C6E-B0C9-60C38D340C08}.Debug|iPhoneSimulator.ActiveCfg = Debug|Any CPU
		{3E0DD96A-523F-4C6E-B0C9-60C38D340C08}.Debug|iPhoneSimulator.Build.0 = Debug|Any CPU
		{3E0DD96A-523F-4C6E-B0C9-60C38D340C08}.Debug|iPhoneSimulator.Deploy.0 = Debug|Any CPU
		{3E0DD96A-523F-4C6E-B0C9-60C38D340C08}.Release|Any CPU.ActiveCfg = Release|Any CPU
		{3E0DD96A-523F-4C6E-B0C9-60C38D340C08}.Release|Any CPU.Build.0 = Release|Any CPU
		{3E0DD96A-523F-4C6E-B0C9-60C38D340C08}.Release|Any CPU.Deploy.0 = Release|Any CPU
		{3E0DD96A-523F-4C6E-B0C9-60C38D340C08}.Release|iPhone.ActiveCfg = Release|Any CPU
		{3E0DD96A-523F-4C6E-B0C9-60C38D340C08}.Release|iPhone.Build.0 = Release|Any CPU
		{3E0DD96A-523F-4C6E-B0C9-60C38D340C08}.Release|iPhone.Deploy.0 = Release|Any CPU
		{3E0DD96A-523F-4C6E-B0C9-60C38D340C08}.Release|iPhoneSimulator.ActiveCfg = Release|Any CPU
		{3E0DD96A-523F-4C6E-B0C9-60C38D340C08}.Release|iPhoneSimulator.Build.0 = Release|Any CPU
		{3E0DD96A-523F-4C6E-B0C9-60C38D340C08}.Release|iPhoneSimulator.Deploy.0 = Release|Any CPU
		{FA1B9148-A980-4409-BD1B-66C5254990AB}.Ad-Hoc|Any CPU.ActiveCfg = Ad-Hoc|iPhone
		{FA1B9148-A980-4409-BD1B-66C5254990AB}.Ad-Hoc|iPhone.ActiveCfg = Ad-Hoc|iPhone
		{FA1B9148-A980-4409-BD1B-66C5254990AB}.Ad-Hoc|iPhone.Build.0 = Ad-Hoc|iPhone
		{FA1B9148-A980-4409-BD1B-66C5254990AB}.Ad-Hoc|iPhoneSimulator.ActiveCfg = Ad-Hoc|iPhoneSimulator
		{FA1B9148-A980-4409-BD1B-66C5254990AB}.Ad-Hoc|iPhoneSimulator.Build.0 = Ad-Hoc|iPhoneSimulator
		{FA1B9148-A980-4409-BD1B-66C5254990AB}.AppStore|Any CPU.ActiveCfg = AppStore|iPhone
		{FA1B9148-A980-4409-BD1B-66C5254990AB}.AppStore|iPhone.ActiveCfg = AppStore|iPhone
		{FA1B9148-A980-4409-BD1B-66C5254990AB}.AppStore|iPhone.Build.0 = AppStore|iPhone
		{FA1B9148-A980-4409-BD1B-66C5254990AB}.AppStore|iPhoneSimulator.ActiveCfg = AppStore|iPhoneSimulator
		{FA1B9148-A980-4409-BD1B-66C5254990AB}.AppStore|iPhoneSimulator.Build.0 = AppStore|iPhoneSimulator
		{FA1B9148-A980-4409-BD1B-66C5254990AB}.Debug|Any CPU.ActiveCfg = Debug|iPhone
		{FA1B9148-A980-4409-BD1B-66C5254990AB}.Debug|iPhone.ActiveCfg = Debug|iPhone
		{FA1B9148-A980-4409-BD1B-66C5254990AB}.Debug|iPhone.Build.0 = Debug|iPhone
		{FA1B9148-A980-4409-BD1B-66C5254990AB}.Debug|iPhoneSimulator.ActiveCfg = Debug|iPhoneSimulator
		{FA1B9148-A980-4409-BD1B-66C5254990AB}.Debug|iPhoneSimulator.Build.0 = Debug|iPhoneSimulator
		{FA1B9148-A980-4409-BD1B-66C5254990AB}.Release|Any CPU.ActiveCfg = Release|iPhone
		{FA1B9148-A980-4409-BD1B-66C5254990AB}.Release|iPhone.ActiveCfg = Release|iPhone
		{FA1B9148-A980-4409-BD1B-66C5254990AB}.Release|iPhone.Build.0 = Release|iPhone
		{FA1B9148-A980-4409-BD1B-66C5254990AB}.Release|iPhoneSimulator.ActiveCfg = Release|iPhoneSimulator
		{FA1B9148-A980-4409-BD1B-66C5254990AB}.Release|iPhoneSimulator.Build.0 = Release|iPhoneSimulator
		{B97B2D24-3EA2-4413-AC46-3DBABF43FEA5}.Ad-Hoc|Any CPU.ActiveCfg = Debug|Any CPU
		{B97B2D24-3EA2-4413-AC46-3DBABF43FEA5}.Ad-Hoc|Any CPU.Build.0 = Debug|Any CPU
		{B97B2D24-3EA2-4413-AC46-3DBABF43FEA5}.Ad-Hoc|iPhone.ActiveCfg = Debug|Any CPU
		{B97B2D24-3EA2-4413-AC46-3DBABF43FEA5}.Ad-Hoc|iPhone.Build.0 = Debug|Any CPU
		{B97B2D24-3EA2-4413-AC46-3DBABF43FEA5}.Ad-Hoc|iPhoneSimulator.ActiveCfg = Debug|Any CPU
		{B97B2D24-3EA2-4413-AC46-3DBABF43FEA5}.Ad-Hoc|iPhoneSimulator.Build.0 = Debug|Any CPU
		{B97B2D24-3EA2-4413-AC46-3DBABF43FEA5}.AppStore|Any CPU.ActiveCfg = Debug|Any CPU
		{B97B2D24-3EA2-4413-AC46-3DBABF43FEA5}.AppStore|Any CPU.Build.0 = Debug|Any CPU
		{B97B2D24-3EA2-4413-AC46-3DBABF43FEA5}.AppStore|iPhone.ActiveCfg = Debug|Any CPU
		{B97B2D24-3EA2-4413-AC46-3DBABF43FEA5}.AppStore|iPhone.Build.0 = Debug|Any CPU
		{B97B2D24-3EA2-4413-AC46-3DBABF43FEA5}.AppStore|iPhoneSimulator.ActiveCfg = Debug|Any CPU
		{B97B2D24-3EA2-4413-AC46-3DBABF43FEA5}.AppStore|iPhoneSimulator.Build.0 = Debug|Any CPU
		{B97B2D24-3EA2-4413-AC46-3DBABF43FEA5}.Debug|Any CPU.ActiveCfg = Debug|Any CPU
		{B97B2D24-3EA2-4413-AC46-3DBABF43FEA5}.Debug|Any CPU.Build.0 = Debug|Any CPU
		{B97B2D24-3EA2-4413-AC46-3DBABF43FEA5}.Debug|iPhone.ActiveCfg = Debug|Any CPU
		{B97B2D24-3EA2-4413-AC46-3DBABF43FEA5}.Debug|iPhone.Build.0 = Debug|Any CPU
		{B97B2D24-3EA2-4413-AC46-3DBABF43FEA5}.Debug|iPhoneSimulator.ActiveCfg = Debug|Any CPU
		{B97B2D24-3EA2-4413-AC46-3DBABF43FEA5}.Debug|iPhoneSimulator.Build.0 = Debug|Any CPU
		{B97B2D24-3EA2-4413-AC46-3DBABF43FEA5}.Release|Any CPU.ActiveCfg = Release|Any CPU
		{B97B2D24-3EA2-4413-AC46-3DBABF43FEA5}.Release|Any CPU.Build.0 = Release|Any CPU
		{B97B2D24-3EA2-4413-AC46-3DBABF43FEA5}.Release|iPhone.ActiveCfg = Release|Any CPU
		{B97B2D24-3EA2-4413-AC46-3DBABF43FEA5}.Release|iPhone.Build.0 = Release|Any CPU
		{B97B2D24-3EA2-4413-AC46-3DBABF43FEA5}.Release|iPhoneSimulator.ActiveCfg = Release|Any CPU
		{B97B2D24-3EA2-4413-AC46-3DBABF43FEA5}.Release|iPhoneSimulator.Build.0 = Release|Any CPU
	EndGlobalSection
	GlobalSection(SolutionProperties) = preSolution
		HideSolutionNode = FALSE
	EndGlobalSection
	GlobalSection(NestedProjects) = preSolution
		{1289A9C0-FB63-4EF1-BAF6-E95E014BE01B} = {0C677386-9E8C-48DC-A524-FA32F581079D}
		{A31178B2-414D-45B0-938D-45AAFED6DEA8} = {0C677386-9E8C-48DC-A524-FA32F581079D}
		{38AF8CE8-E965-46F3-84FA-FE311A69F6AE} = {0C677386-9E8C-48DC-A524-FA32F581079D}
		{3E0DD96A-523F-4C6E-B0C9-60C38D340C08} = {FEC283C7-13D0-4A58-A057-7143C6F191F2}
		{FA1B9148-A980-4409-BD1B-66C5254990AB} = {FEC283C7-13D0-4A58-A057-7143C6F191F2}
		{B97B2D24-3EA2-4413-AC46-3DBABF43FEA5} = {FEC283C7-13D0-4A58-A057-7143C6F191F2}
	EndGlobalSection
	GlobalSection(ExtensibilityGlobals) = postSolution
		SolutionGuid = {70EF4346-4DCB-48CC-AAF2-676899B232F1}
	EndGlobalSection
EndGlobal
